// !$*UTF8*$!
{
	archiveVersion = 1;
	classes = {
	};
	objectVersion = 48;
	objects = {

/* Begin PBXBuildFile section */
		02611D941EEA5317009714B8 /* AppDelegate.swift in Sources */ = {isa = PBXBuildFile; fileRef = 02611D931EEA5317009714B8 /* AppDelegate.swift */; };
		02611D961EEA5317009714B8 /* ViewController.swift in Sources */ = {isa = PBXBuildFile; fileRef = 02611D951EEA5317009714B8 /* ViewController.swift */; };
		02611D991EEA5317009714B8 /* Main.storyboard in Resources */ = {isa = PBXBuildFile; fileRef = 02611D971EEA5317009714B8 /* Main.storyboard */; };
		02611D9B1EEA5317009714B8 /* Assets.xcassets in Resources */ = {isa = PBXBuildFile; fileRef = 02611D9A1EEA5317009714B8 /* Assets.xcassets */; };
		02611D9E1EEA5317009714B8 /* LaunchScreen.storyboard in Resources */ = {isa = PBXBuildFile; fileRef = 02611D9C1EEA5317009714B8 /* LaunchScreen.storyboard */; };
		02611DA61EEA5683009714B8 /* PreviewView.swift in Sources */ = {isa = PBXBuildFile; fileRef = 02611DA51EEA5683009714B8 /* PreviewView.swift */; };
		2849C929220ABCBE000977F1 /* Extensions.swift in Sources */ = {isa = PBXBuildFile; fileRef = 2849C928220ABCBE000977F1 /* Extensions.swift */; };
		9471BC8D2CC8D050008E7A05 /* aff_net.mlpackage in Sources */ = {isa = PBXBuildFile; fileRef = 9471BC8C2CC8D050008E7A05 /* aff_net.mlpackage */; };
		9477DB642CC679C100C40251 /* opencv2.framework in Frameworks */ = {isa = PBXBuildFile; fileRef = 9477DB632CC679C100C40251 /* opencv2.framework */; };
		9477DB672CC679EA00C40251 /* AssetsLibrary.framework in Frameworks */ = {isa = PBXBuildFile; fileRef = 9477DB662CC679EA00C40251 /* AssetsLibrary.framework */; };
		9477DB692CC679F400C40251 /* CoreGraphics.framework in Frameworks */ = {isa = PBXBuildFile; fileRef = 9477DB682CC679F400C40251 /* CoreGraphics.framework */; };
		9477DB6B2CC679FB00C40251 /* CoreMedia.framework in Frameworks */ = {isa = PBXBuildFile; fileRef = 9477DB6A2CC679FB00C40251 /* CoreMedia.framework */; };
		9477DB6D2CC67A0400C40251 /* Accelerate.framework in Frameworks */ = {isa = PBXBuildFile; fileRef = 9477DB6C2CC67A0400C40251 /* Accelerate.framework */; };
		9477DB6F2CC67A0C00C40251 /* CoreFoundation.framework in Frameworks */ = {isa = PBXBuildFile; fileRef = 9477DB6E2CC67A0C00C40251 /* CoreFoundation.framework */; };
		9477DB732CC67DDF00C40251 /* OpenCVWrapper.mm in Sources */ = {isa = PBXBuildFile; fileRef = 9477DB722CC67DDF00C40251 /* OpenCVWrapper.mm */; };
		94B279D02CBF89CD00D41BD0 /* CameraViewController.swift in Sources */ = {isa = PBXBuildFile; fileRef = 94B279CF2CBF89CD00D41BD0 /* CameraViewController.swift */; };
		94B279D32CBF9AA300D41BD0 /* ImageGalleryViewController.swift in Sources */ = {isa = PBXBuildFile; fileRef = 94B279D22CBF9AA300D41BD0 /* ImageGalleryViewController.swift */; };
		94B279D52CBFA5E000D41BD0 /* CaliHelperViewController.swift in Sources */ = {isa = PBXBuildFile; fileRef = 94B279D42CBFA5E000D41BD0 /* CaliHelperViewController.swift */; };
		94B279D72CC01C5900D41BD0 /* ModelCaliViewController.swift in Sources */ = {isa = PBXBuildFile; fileRef = 94B279D62CC01C5900D41BD0 /* ModelCaliViewController.swift */; };
		94B279D92CC01F4700D41BD0 /* MLInferenceUtil.swift in Sources */ = {isa = PBXBuildFile; fileRef = 94B279D82CC01F4700D41BD0 /* MLInferenceUtil.swift */; };
		94B279DB2CC0A75D00D41BD0 /* ImageUtil.swift in Sources */ = {isa = PBXBuildFile; fileRef = 94B279DA2CC0A75D00D41BD0 /* ImageUtil.swift */; };
		94B279E32CC0B67600D41BD0 /* testViewController.swift in Sources */ = {isa = PBXBuildFile; fileRef = 94B279E22CC0B67600D41BD0 /* testViewController.swift */; };
/* End PBXBuildFile section */

/* Begin PBXFileReference section */
		02611D901EEA5317009714B8 /* VisionDetection.app */ = {isa = PBXFileReference; explicitFileType = wrapper.application; includeInIndex = 0; path = VisionDetection.app; sourceTree = BUILT_PRODUCTS_DIR; };
		02611D931EEA5317009714B8 /* AppDelegate.swift */ = {isa = PBXFileReference; lastKnownFileType = sourcecode.swift; path = AppDelegate.swift; sourceTree = "<group>"; };
		02611D951EEA5317009714B8 /* ViewController.swift */ = {isa = PBXFileReference; lastKnownFileType = sourcecode.swift; path = ViewController.swift; sourceTree = "<group>"; };
		02611D981EEA5317009714B8 /* Base */ = {isa = PBXFileReference; lastKnownFileType = file.storyboard; name = Base; path = Base.lproj/Main.storyboard; sourceTree = "<group>"; };
		02611D9A1EEA5317009714B8 /* Assets.xcassets */ = {isa = PBXFileReference; lastKnownFileType = folder.assetcatalog; path = Assets.xcassets; sourceTree = "<group>"; };
		02611D9D1EEA5317009714B8 /* Base */ = {isa = PBXFileReference; lastKnownFileType = file.storyboard; name = Base; path = Base.lproj/LaunchScreen.storyboard; sourceTree = "<group>"; };
		02611D9F1EEA5317009714B8 /* Info.plist */ = {isa = PBXFileReference; lastKnownFileType = text.plist.xml; path = Info.plist; sourceTree = "<group>"; };
		02611DA51EEA5683009714B8 /* PreviewView.swift */ = {isa = PBXFileReference; lastKnownFileType = sourcecode.swift; path = PreviewView.swift; sourceTree = "<group>"; };
		2849C928220ABCBE000977F1 /* Extensions.swift */ = {isa = PBXFileReference; lastKnownFileType = sourcecode.swift; path = Extensions.swift; sourceTree = "<group>"; };
		9471BC8C2CC8D050008E7A05 /* aff_net.mlpackage */ = {isa = PBXFileReference; lastKnownFileType = folder.mlpackage; path = aff_net.mlpackage; sourceTree = "<group>"; };
		9477DB632CC679C100C40251 /* opencv2.framework */ = {isa = PBXFileReference; lastKnownFileType = wrapper.framework; path = opencv2.framework; sourceTree = "<group>"; };
		9477DB662CC679EA00C40251 /* AssetsLibrary.framework */ = {isa = PBXFileReference; lastKnownFileType = wrapper.framework; name = AssetsLibrary.framework; path = System/Library/Frameworks/AssetsLibrary.framework; sourceTree = SDKROOT; };
		9477DB682CC679F400C40251 /* CoreGraphics.framework */ = {isa = PBXFileReference; lastKnownFileType = wrapper.framework; name = CoreGraphics.framework; path = System/Library/Frameworks/CoreGraphics.framework; sourceTree = SDKROOT; };
		9477DB6A2CC679FB00C40251 /* CoreMedia.framework */ = {isa = PBXFileReference; lastKnownFileType = wrapper.framework; name = CoreMedia.framework; path = System/Library/Frameworks/CoreMedia.framework; sourceTree = SDKROOT; };
		9477DB6C2CC67A0400C40251 /* Accelerate.framework */ = {isa = PBXFileReference; lastKnownFileType = wrapper.framework; name = Accelerate.framework; path = System/Library/Frameworks/Accelerate.framework; sourceTree = SDKROOT; };
		9477DB6E2CC67A0C00C40251 /* CoreFoundation.framework */ = {isa = PBXFileReference; lastKnownFileType = wrapper.framework; name = CoreFoundation.framework; path = System/Library/Frameworks/CoreFoundation.framework; sourceTree = SDKROOT; };
		9477DB702CC67DDE00C40251 /* VisionDetection-Bridging-Header.h */ = {isa = PBXFileReference; lastKnownFileType = sourcecode.c.h; path = "VisionDetection-Bridging-Header.h"; sourceTree = "<group>"; };
		9477DB712CC67DDF00C40251 /* OpenCVWrapper.h */ = {isa = PBXFileReference; lastKnownFileType = sourcecode.c.h; path = OpenCVWrapper.h; sourceTree = "<group>"; };
		9477DB722CC67DDF00C40251 /* OpenCVWrapper.mm */ = {isa = PBXFileReference; lastKnownFileType = sourcecode.cpp.objcpp; path = OpenCVWrapper.mm; sourceTree = "<group>"; };
		9477DB742CC67E4400C40251 /* PrefixHeader.pch */ = {isa = PBXFileReference; lastKnownFileType = sourcecode.c.h; path = PrefixHeader.pch; sourceTree = "<group>"; };
		94B279CF2CBF89CD00D41BD0 /* CameraViewController.swift */ = {isa = PBXFileReference; lastKnownFileType = sourcecode.swift; path = CameraViewController.swift; sourceTree = "<group>"; };
		94B279D12CBF973700D41BD0 /* README.md */ = {isa = PBXFileReference; lastKnownFileType = net.daringfireball.markdown; path = README.md; sourceTree = "<group>"; };
		94B279D22CBF9AA300D41BD0 /* ImageGalleryViewController.swift */ = {isa = PBXFileReference; lastKnownFileType = sourcecode.swift; path = ImageGalleryViewController.swift; sourceTree = "<group>"; };
		94B279D42CBFA5E000D41BD0 /* CaliHelperViewController.swift */ = {isa = PBXFileReference; lastKnownFileType = sourcecode.swift; path = CaliHelperViewController.swift; sourceTree = "<group>"; };
		94B279D62CC01C5900D41BD0 /* ModelCaliViewController.swift */ = {isa = PBXFileReference; lastKnownFileType = sourcecode.swift; path = ModelCaliViewController.swift; sourceTree = "<group>"; };
		94B279D82CC01F4700D41BD0 /* MLInferenceUtil.swift */ = {isa = PBXFileReference; lastKnownFileType = sourcecode.swift; path = MLInferenceUtil.swift; sourceTree = "<group>"; };
		94B279DA2CC0A75D00D41BD0 /* ImageUtil.swift */ = {isa = PBXFileReference; lastKnownFileType = sourcecode.swift; path = ImageUtil.swift; sourceTree = "<group>"; };
		94B279E22CC0B67600D41BD0 /* testViewController.swift */ = {isa = PBXFileReference; lastKnownFileType = sourcecode.swift; path = testViewController.swift; sourceTree = "<group>"; };
/* End PBXFileReference section */

/* Begin PBXFrameworksBuildPhase section */
		02611D8D1EEA5317009714B8 /* Frameworks */ = {
			isa = PBXFrameworksBuildPhase;
			buildActionMask = 2147483647;
			files = (
				9477DB6F2CC67A0C00C40251 /* CoreFoundation.framework in Frameworks */,
				9477DB6D2CC67A0400C40251 /* Accelerate.framework in Frameworks */,
				9477DB6B2CC679FB00C40251 /* CoreMedia.framework in Frameworks */,
				9477DB692CC679F400C40251 /* CoreGraphics.framework in Frameworks */,
				9477DB672CC679EA00C40251 /* AssetsLibrary.framework in Frameworks */,
				9477DB642CC679C100C40251 /* opencv2.framework in Frameworks */,
			);
			runOnlyForDeploymentPostprocessing = 0;
		};
/* End PBXFrameworksBuildPhase section */

/* Begin PBXGroup section */
		02611D871EEA5317009714B8 = {
			isa = PBXGroup;
			children = (
				9477DB742CC67E4400C40251 /* PrefixHeader.pch */,
				9477DB712CC67DDF00C40251 /* OpenCVWrapper.h */,
				9477DB722CC67DDF00C40251 /* OpenCVWrapper.mm */,
				02611D921EEA5317009714B8 /* VisionDetection */,
				02611D911EEA5317009714B8 /* Products */,
				9477DB652CC679EA00C40251 /* Frameworks */,
				9477DB702CC67DDE00C40251 /* VisionDetection-Bridging-Header.h */,
			);
			sourceTree = "<group>";
		};
		02611D911EEA5317009714B8 /* Products */ = {
			isa = PBXGroup;
			children = (
				02611D901EEA5317009714B8 /* VisionDetection.app */,
			);
			name = Products;
			sourceTree = "<group>";
		};
		02611D921EEA5317009714B8 /* VisionDetection */ = {
			isa = PBXGroup;
			children = (
				9477DB632CC679C100C40251 /* opencv2.framework */,
				94B279E62CC0D70D00D41BD0 /* VC */,
				94B279E42CC0D6E900D41BD0 /* Util */,
				94B279DD2CC0B3CD00D41BD0 /* model */,
				02611D931EEA5317009714B8 /* AppDelegate.swift */,
				2849C928220ABCBE000977F1 /* Extensions.swift */,
				02611DA51EEA5683009714B8 /* PreviewView.swift */,
				02611D971EEA5317009714B8 /* Main.storyboard */,
				02611D9A1EEA5317009714B8 /* Assets.xcassets */,
				02611D9C1EEA5317009714B8 /* LaunchScreen.storyboard */,
				02611D9F1EEA5317009714B8 /* Info.plist */,
				94B279D12CBF973700D41BD0 /* README.md */,
			);
			path = VisionDetection;
			sourceTree = "<group>";
		};
		9477DB652CC679EA00C40251 /* Frameworks */ = {
			isa = PBXGroup;
			children = (
				9477DB6E2CC67A0C00C40251 /* CoreFoundation.framework */,
				9477DB6C2CC67A0400C40251 /* Accelerate.framework */,
				9477DB6A2CC679FB00C40251 /* CoreMedia.framework */,
				9477DB682CC679F400C40251 /* CoreGraphics.framework */,
				9477DB662CC679EA00C40251 /* AssetsLibrary.framework */,
			);
			name = Frameworks;
			sourceTree = "<group>";
		};
		94B279DD2CC0B3CD00D41BD0 /* model */ = {
			isa = PBXGroup;
			children = (
				9471BC8C2CC8D050008E7A05 /* aff_net.mlpackage */,
			);
			path = model;
			sourceTree = "<group>";
		};
		94B279E42CC0D6E900D41BD0 /* Util */ = {
			isa = PBXGroup;
			children = (
				94B279D82CC01F4700D41BD0 /* MLInferenceUtil.swift */,
				94B279DA2CC0A75D00D41BD0 /* ImageUtil.swift */,
			);
			path = Util;
			sourceTree = "<group>";
		};
		94B279E62CC0D70D00D41BD0 /* VC */ = {
			isa = PBXGroup;
			children = (
				94B279E22CC0B67600D41BD0 /* testViewController.swift */,
				94B279D62CC01C5900D41BD0 /* ModelCaliViewController.swift */,
				94B279D42CBFA5E000D41BD0 /* CaliHelperViewController.swift */,
				94B279CF2CBF89CD00D41BD0 /* CameraViewController.swift */,
				02611D951EEA5317009714B8 /* ViewController.swift */,
				94B279D22CBF9AA300D41BD0 /* ImageGalleryViewController.swift */,
			);
			path = VC;
			sourceTree = "<group>";
		};
/* End PBXGroup section */

/* Begin PBXNativeTarget section */
		02611D8F1EEA5317009714B8 /* VisionDetection */ = {
			isa = PBXNativeTarget;
			buildConfigurationList = 02611DA21EEA5317009714B8 /* Build configuration list for PBXNativeTarget "VisionDetection" */;
			buildPhases = (
				02611D8C1EEA5317009714B8 /* Sources */,
				02611D8D1EEA5317009714B8 /* Frameworks */,
				02611D8E1EEA5317009714B8 /* Resources */,
			);
			buildRules = (
			);
			dependencies = (
			);
			name = VisionDetection;
			productName = VisionDetection;
			productReference = 02611D901EEA5317009714B8 /* VisionDetection.app */;
			productType = "com.apple.product-type.application";
		};
/* End PBXNativeTarget section */

/* Begin PBXProject section */
		02611D881EEA5317009714B8 /* Project object */ = {
			isa = PBXProject;
			attributes = {
				LastSwiftUpdateCheck = 0900;
				LastUpgradeCheck = 0900;
				ORGANIZATIONNAME = Willjay;
				TargetAttributes = {
					02611D8F1EEA5317009714B8 = {
						CreatedOnToolsVersion = 9.0;
						LastSwiftMigration = 1520;
						ProvisioningStyle = Automatic;
					};
				};
			};
			buildConfigurationList = 02611D8B1EEA5317009714B8 /* Build configuration list for PBXProject "VisionDetection" */;
			compatibilityVersion = "Xcode 8.0";
			developmentRegion = en;
			hasScannedForEncodings = 0;
			knownRegions = (
				en,
				Base,
			);
			mainGroup = 02611D871EEA5317009714B8;
			productRefGroup = 02611D911EEA5317009714B8 /* Products */;
			projectDirPath = "";
			projectRoot = "";
			targets = (
				02611D8F1EEA5317009714B8 /* VisionDetection */,
			);
		};
/* End PBXProject section */

/* Begin PBXResourcesBuildPhase section */
		02611D8E1EEA5317009714B8 /* Resources */ = {
			isa = PBXResourcesBuildPhase;
			buildActionMask = 2147483647;
			files = (
				02611D9E1EEA5317009714B8 /* LaunchScreen.storyboard in Resources */,
				02611D9B1EEA5317009714B8 /* Assets.xcassets in Resources */,
				02611D991EEA5317009714B8 /* Main.storyboard in Resources */,
			);
			runOnlyForDeploymentPostprocessing = 0;
		};
/* End PBXResourcesBuildPhase section */

/* Begin PBXSourcesBuildPhase section */
		02611D8C1EEA5317009714B8 /* Sources */ = {
			isa = PBXSourcesBuildPhase;
			buildActionMask = 2147483647;
			files = (
				94B279D52CBFA5E000D41BD0 /* CaliHelperViewController.swift in Sources */,
				94B279DB2CC0A75D00D41BD0 /* ImageUtil.swift in Sources */,
				9477DB732CC67DDF00C40251 /* OpenCVWrapper.mm in Sources */,
				94B279D72CC01C5900D41BD0 /* ModelCaliViewController.swift in Sources */,
				94B279E32CC0B67600D41BD0 /* testViewController.swift in Sources */,
				02611D961EEA5317009714B8 /* ViewController.swift in Sources */,
				94B279D02CBF89CD00D41BD0 /* CameraViewController.swift in Sources */,
				9471BC8D2CC8D050008E7A05 /* aff_net.mlpackage in Sources */,
				94B279D32CBF9AA300D41BD0 /* ImageGalleryViewController.swift in Sources */,
				94B279D92CC01F4700D41BD0 /* MLInferenceUtil.swift in Sources */,
				02611D941EEA5317009714B8 /* AppDelegate.swift in Sources */,
				02611DA61EEA5683009714B8 /* PreviewView.swift in Sources */,
				2849C929220ABCBE000977F1 /* Extensions.swift in Sources */,
			);
			runOnlyForDeploymentPostprocessing = 0;
		};
/* End PBXSourcesBuildPhase section */

/* Begin PBXVariantGroup section */
		02611D971EEA5317009714B8 /* Main.storyboard */ = {
			isa = PBXVariantGroup;
			children = (
				02611D981EEA5317009714B8 /* Base */,
			);
			name = Main.storyboard;
			sourceTree = "<group>";
		};
		02611D9C1EEA5317009714B8 /* LaunchScreen.storyboard */ = {
			isa = PBXVariantGroup;
			children = (
				02611D9D1EEA5317009714B8 /* Base */,
			);
			name = LaunchScreen.storyboard;
			sourceTree = "<group>";
		};
/* End PBXVariantGroup section */

/* Begin XCBuildConfiguration section */
		02611DA01EEA5317009714B8 /* Debug */ = {
			isa = XCBuildConfiguration;
			buildSettings = {
				ALWAYS_SEARCH_USER_PATHS = NO;
				CLANG_ANALYZER_NONNULL = YES;
				CLANG_ANALYZER_NUMBER_OBJECT_CONVERSION = YES_AGGRESSIVE;
				CLANG_CXX_LANGUAGE_STANDARD = "gnu++14";
				CLANG_CXX_LIBRARY = "libc++";
				CLANG_ENABLE_MODULES = YES;
				CLANG_ENABLE_OBJC_ARC = YES;
				CLANG_WARN_BLOCK_CAPTURE_AUTORELEASING = YES;
				CLANG_WARN_BOOL_CONVERSION = YES;
				CLANG_WARN_COMMA = YES;
				CLANG_WARN_CONSTANT_CONVERSION = YES;
				CLANG_WARN_DIRECT_OBJC_ISA_USAGE = YES_ERROR;
				CLANG_WARN_DOCUMENTATION_COMMENTS = YES;
				CLANG_WARN_EMPTY_BODY = YES;
				CLANG_WARN_ENUM_CONVERSION = YES;
				CLANG_WARN_INFINITE_RECURSION = YES;
				CLANG_WARN_INT_CONVERSION = YES;
				CLANG_WARN_OBJC_ROOT_CLASS = YES_ERROR;
				CLANG_WARN_RANGE_LOOP_ANALYSIS = YES;
				CLANG_WARN_STRICT_PROTOTYPES = YES;
				CLANG_WARN_SUSPICIOUS_MOVE = YES;
				CLANG_WARN_UNGUARDED_AVAILABILITY = YES_AGGRESSIVE;
				CLANG_WARN_UNREACHABLE_CODE = YES;
				CLANG_WARN__DUPLICATE_METHOD_MATCH = YES;
				CODE_SIGN_IDENTITY = "iPhone Developer";
				COPY_PHASE_STRIP = NO;
				DEBUG_INFORMATION_FORMAT = dwarf;
				ENABLE_STRICT_OBJC_MSGSEND = YES;
				ENABLE_TESTABILITY = YES;
				GCC_C_LANGUAGE_STANDARD = gnu11;
				GCC_DYNAMIC_NO_PIC = NO;
				GCC_NO_COMMON_BLOCKS = YES;
				GCC_OPTIMIZATION_LEVEL = 0;
				GCC_PREPROCESSOR_DEFINITIONS = (
					"DEBUG=1",
					"$(inherited)",
				);
				GCC_WARN_64_TO_32_BIT_CONVERSION = YES;
				GCC_WARN_ABOUT_RETURN_TYPE = YES_ERROR;
				GCC_WARN_UNDECLARED_SELECTOR = YES;
				GCC_WARN_UNINITIALIZED_AUTOS = YES_AGGRESSIVE;
				GCC_WARN_UNUSED_FUNCTION = YES;
				GCC_WARN_UNUSED_VARIABLE = YES;
				IPHONEOS_DEPLOYMENT_TARGET = 11.0;
				MTL_ENABLE_DEBUG_INFO = YES;
				ONLY_ACTIVE_ARCH = YES;
				SDKROOT = iphoneos;
				SWIFT_ACTIVE_COMPILATION_CONDITIONS = DEBUG;
				SWIFT_OPTIMIZATION_LEVEL = "-Onone";
			};
			name = Debug;
		};
		02611DA11EEA5317009714B8 /* Release */ = {
			isa = XCBuildConfiguration;
			buildSettings = {
				ALWAYS_SEARCH_USER_PATHS = NO;
				CLANG_ANALYZER_NONNULL = YES;
				CLANG_ANALYZER_NUMBER_OBJECT_CONVERSION = YES_AGGRESSIVE;
				CLANG_CXX_LANGUAGE_STANDARD = "gnu++14";
				CLANG_CXX_LIBRARY = "libc++";
				CLANG_ENABLE_MODULES = YES;
				CLANG_ENABLE_OBJC_ARC = YES;
				CLANG_WARN_BLOCK_CAPTURE_AUTORELEASING = YES;
				CLANG_WARN_BOOL_CONVERSION = YES;
				CLANG_WARN_COMMA = YES;
				CLANG_WARN_CONSTANT_CONVERSION = YES;
				CLANG_WARN_DIRECT_OBJC_ISA_USAGE = YES_ERROR;
				CLANG_WARN_DOCUMENTATION_COMMENTS = YES;
				CLANG_WARN_EMPTY_BODY = YES;
				CLANG_WARN_ENUM_CONVERSION = YES;
				CLANG_WARN_INFINITE_RECURSION = YES;
				CLANG_WARN_INT_CONVERSION = YES;
				CLANG_WARN_OBJC_ROOT_CLASS = YES_ERROR;
				CLANG_WARN_RANGE_LOOP_ANALYSIS = YES;
				CLANG_WARN_STRICT_PROTOTYPES = YES;
				CLANG_WARN_SUSPICIOUS_MOVE = YES;
				CLANG_WARN_UNGUARDED_AVAILABILITY = YES_AGGRESSIVE;
				CLANG_WARN_UNREACHABLE_CODE = YES;
				CLANG_WARN__DUPLICATE_METHOD_MATCH = YES;
				CODE_SIGN_IDENTITY = "iPhone Developer";
				COPY_PHASE_STRIP = NO;
				DEBUG_INFORMATION_FORMAT = "dwarf-with-dsym";
				ENABLE_NS_ASSERTIONS = NO;
				ENABLE_STRICT_OBJC_MSGSEND = YES;
				GCC_C_LANGUAGE_STANDARD = gnu11;
				GCC_NO_COMMON_BLOCKS = YES;
				GCC_WARN_64_TO_32_BIT_CONVERSION = YES;
				GCC_WARN_ABOUT_RETURN_TYPE = YES_ERROR;
				GCC_WARN_UNDECLARED_SELECTOR = YES;
				GCC_WARN_UNINITIALIZED_AUTOS = YES_AGGRESSIVE;
				GCC_WARN_UNUSED_FUNCTION = YES;
				GCC_WARN_UNUSED_VARIABLE = YES;
				IPHONEOS_DEPLOYMENT_TARGET = 11.0;
				MTL_ENABLE_DEBUG_INFO = NO;
				SDKROOT = iphoneos;
				SWIFT_OPTIMIZATION_LEVEL = "-Owholemodule";
				VALIDATE_PRODUCT = YES;
			};
			name = Release;
		};
		02611DA31EEA5317009714B8 /* Debug */ = {
			isa = XCBuildConfiguration;
			buildSettings = {
				ASSETCATALOG_COMPILER_APPICON_NAME = AppIcon;
				CLANG_ENABLE_MODULES = YES;
				CODE_SIGN_IDENTITY = "Apple Development";
				CODE_SIGN_STYLE = Automatic;
				DEVELOPMENT_TEAM = J7794Q7UGX;
				FRAMEWORK_SEARCH_PATHS = (
					"$(inherited)",
					"$(PROJECT_DIR)/VisionDetection",
				);
				GCC_PREFIX_HEADER = "$(SRCROOT)/PrefixHeader.pch";
				HEADER_SEARCH_PATHS = "";
				INFOPLIST_FILE = VisionDetection/Info.plist;
				IPHONEOS_DEPLOYMENT_TARGET = 16.0;
				LD_RUNPATH_SEARCH_PATHS = "$(inherited) @executable_path/Frameworks";
				PRODUCT_BUNDLE_IDENTIFIER = com.zhuz1;
				PRODUCT_NAME = "$(TARGET_NAME)";
				PROVISIONING_PROFILE_SPECIFIER = "";
				SWIFT_OBJC_BRIDGING_HEADER = "VisionDetection-Bridging-Header.h";
				SWIFT_OPTIMIZATION_LEVEL = "-Onone";
				SWIFT_VERSION = 4.0;
				TARGETED_DEVICE_FAMILY = "1,2";
			};
			name = Debug;
		};
		02611DA41EEA5317009714B8 /* Release */ = {
			isa = XCBuildConfiguration;
			buildSettings = {
				ASSETCATALOG_COMPILER_APPICON_NAME = AppIcon;
				CLANG_ENABLE_MODULES = YES;
				DEVELOPMENT_TEAM = J7794Q7UGX;
				FRAMEWORK_SEARCH_PATHS = (
					"$(inherited)",
					"$(PROJECT_DIR)/VisionDetection",
				);
				GCC_PREFIX_HEADER = "$(SRCROOT)/PrefixHeader.pch";
				HEADER_SEARCH_PATHS = "";
				INFOPLIST_FILE = VisionDetection/Info.plist;
				IPHONEOS_DEPLOYMENT_TARGET = 16.0;
				LD_RUNPATH_SEARCH_PATHS = "$(inherited) @executable_path/Frameworks";
				PRODUCT_BUNDLE_IDENTIFIER = com.zhuz1;
				PRODUCT_NAME = "$(TARGET_NAME)";
				SWIFT_OBJC_BRIDGING_HEADER = "VisionDetection-Bridging-Header.h";
				SWIFT_VERSION = 4.0;
				TARGETED_DEVICE_FAMILY = "1,2";
			};
			name = Release;
		};
/* End XCBuildConfiguration section */

/* Begin XCConfigurationList section */
		02611D8B1EEA5317009714B8 /* Build configuration list for PBXProject "VisionDetection" */ = {
			isa = XCConfigurationList;
			buildConfigurations = (
				02611DA01EEA5317009714B8 /* Debug */,
				02611DA11EEA5317009714B8 /* Release */,
			);
			defaultConfigurationIsVisible = 0;
			defaultConfigurationName = Release;
		};
		02611DA21EEA5317009714B8 /* Build configuration list for PBXNativeTarget "VisionDetection" */ = {
			isa = XCConfigurationList;
			buildConfigurations = (
				02611DA31EEA5317009714B8 /* Debug */,
				02611DA41EEA5317009714B8 /* Release */,
			);
			defaultConfigurationIsVisible = 0;
			defaultConfigurationName = Release;
		};
/* End XCConfigurationList section */
	};
	rootObject = 02611D881EEA5317009714B8 /* Project object */;
}
